{
  "name": "advent-of-code-2020",
  "version": "1.0.0",
  "lockfileVersion": 3,
  "requires": true,
  "packages": {
    "": {
      "name": "advent-of-code-2020",
      "version": "1.0.0",
      "license": "ISC",
      "dependencies": {
        "@datastructures-js/priority-queue": "^6.3.0",
        "@dev-syco/quick-math": "^1.0.14",
        "@graph-algorithm/minimum-cut": "^2.0.0",
        "lodash": "^4.17.21"
      },
      "devDependencies": {
        "@types/node": "^20.17.12"
      }
    },
    "node_modules/@data-structure/deque": {
      "version": "9.0.1",
      "resolved": "https://registry.npmjs.org/@data-structure/deque/-/deque-9.0.1.tgz",
      "integrity": "sha512-/LSOEPmWGZ10OiKfje06GNDM/fzbY1ZfXyvZKr+/a79ZTlGoTwsQW1uPvtmQDtBzs2h2VbPjHho4zNSP5YH0Zg==",
      "hasInstallScript": true,
      "dependencies": {
        "@failure-abstraction/error": "^6.0.1"
      }
    },
    "node_modules/@datastructures-js/heap": {
      "version": "4.3.2",
      "resolved": "https://registry.npmjs.org/@datastructures-js/heap/-/heap-4.3.2.tgz",
      "integrity": "sha512-7/9QSsIZ+wMG3C9++mz9iOjdtTp9C036PISHvNjG3eyFO8nXOBJQFKgeV7M6/+EPl+oXXFRGBb8Ue60LsqTqGw=="
    },
    "node_modules/@datastructures-js/priority-queue": {
      "version": "6.3.0",
      "resolved": "https://registry.npmjs.org/@datastructures-js/priority-queue/-/priority-queue-6.3.0.tgz",
      "integrity": "sha512-bJkryPys8zVYMCSjyBPYzJlw5V2kMeOYzGHRBXiGkwqTv8vZ/Ux5RO736T8Y6l3cH+ocbQV9UxlsFwA9qI4VhA==",
      "dependencies": {
        "@datastructures-js/heap": "^4.3.1"
      }
    },
    "node_modules/@dev-syco/quick-math": {
      "version": "1.0.14",
      "resolved": "https://registry.npmjs.org/@dev-syco/quick-math/-/quick-math-1.0.14.tgz",
      "integrity": "sha512-Qmfr+JbBmZx7frFw9/F6K9657D3shu5NmBs0N8j1reOOuIA37YUIxXT87pZVq6woMlRoQZxY/YHMgTtb9vEDfQ==",
      "engines": {
        "node": ">=6.0.0"
      }
    },
    "node_modules/@failure-abstraction/error": {
      "version": "6.0.1",
      "resolved": "https://registry.npmjs.org/@failure-abstraction/error/-/error-6.0.1.tgz",
      "integrity": "sha512-KvIHhvwfrgbUduQbk55WRDGL2XcXjDLwleId+pSnK7mUUIY7zMGMy3N+ouDcOFymme48tKDlarKsYj5mEEd3fg==",
      "hasInstallScript": true
    },
    "node_modules/@graph-algorithm/minimum-cut": {
      "version": "2.0.0",
      "resolved": "https://registry.npmjs.org/@graph-algorithm/minimum-cut/-/minimum-cut-2.0.0.tgz",
      "integrity": "sha512-FKCejPcMHfr2lM/lTIqT2Yuel97kL2rv4D9UjwHNyL9uB4vqU/cvBEBjCV0tOwKfhCkg5GuBDQqxfjELkOmY0A==",
      "hasInstallScript": true,
      "dependencies": {
        "@heap-data-structure/pairing-heap": "^4.0.0",
        "@iterable-iterator/list": "^1.0.1",
        "@iterable-iterator/map": "^1.0.1",
        "@iterable-iterator/reduce": "^1.0.1",
        "@iterable-iterator/slice": "^1.0.1",
        "@total-order/key": "^1.0.0",
        "@total-order/primitive": "^1.0.1"
      }
    },
    "node_modules/@heap-data-structure/pairing-heap": {
      "version": "4.0.0",
      "resolved": "https://registry.npmjs.org/@heap-data-structure/pairing-heap/-/pairing-heap-4.0.0.tgz",
      "integrity": "sha512-4wmedekJpr+gkktJ7VnmXTBvJWxvHmWtJT7uvS3cl7vzI4iDGaVVMPqdoWWIPZfaDkgd0kprb6XKBGaO7oFe5A==",
      "hasInstallScript": true
    },
    "node_modules/@iterable-iterator/consume": {
      "version": "1.0.1",
      "resolved": "https://registry.npmjs.org/@iterable-iterator/consume/-/consume-1.0.1.tgz",
      "integrity": "sha512-KVJufzV8/gOnYqrtO4CFdGZopJ5kkUBhzHcbU0iToOv5aTl0igxnsRzCaDSxUgO4q0mDbf9WEfjz4K39cl1iNA==",
      "hasInstallScript": true
    },
    "node_modules/@iterable-iterator/iter": {
      "version": "1.0.1",
      "resolved": "https://registry.npmjs.org/@iterable-iterator/iter/-/iter-1.0.1.tgz",
      "integrity": "sha512-/C/Ciq69we9C0wvqx0rOdnpXAoSW+UnyIV/ZQrUYDzmtguvUQ4HjiIPcU2Csdh705VS6TMkUhoaBHIGh44V3OA==",
      "hasInstallScript": true
    },
    "node_modules/@iterable-iterator/list": {
      "version": "1.0.1",
      "resolved": "https://registry.npmjs.org/@iterable-iterator/list/-/list-1.0.1.tgz",
      "integrity": "sha512-234a2cf0a0YhD1Ofb3F0xSjXDkqDK1xCiLnXoMUt/DWAt/odAvJToaxEFMemiKlAUvqF6E8MSi2v2UvlIOpBUA==",
      "hasInstallScript": true
    },
    "node_modules/@iterable-iterator/map": {
      "version": "1.0.1",
      "resolved": "https://registry.npmjs.org/@iterable-iterator/map/-/map-1.0.1.tgz",
      "integrity": "sha512-lUvX8/OCYRdof3eZii8ntJUvqW1MlL2ESkIcQj3cagajKVfBIBj058wE4ScrzQl6U2udMva/n2NwP70smdfZ+g==",
      "hasInstallScript": true
    },
    "node_modules/@iterable-iterator/reduce": {
      "version": "1.0.1",
      "resolved": "https://registry.npmjs.org/@iterable-iterator/reduce/-/reduce-1.0.1.tgz",
      "integrity": "sha512-/wwXupEhGb0cwVr4MDbuweD5tZ+wtd8fr8HkWwNre1lZn76Utu0um7nnhFpm9Mk3hifZzrH5dcKLhKB3VEuL/g==",
      "hasInstallScript": true,
      "dependencies": {
        "@iterable-iterator/iter": "^1.0.1"
      }
    },
    "node_modules/@iterable-iterator/slice": {
      "version": "1.0.2",
      "resolved": "https://registry.npmjs.org/@iterable-iterator/slice/-/slice-1.0.2.tgz",
      "integrity": "sha512-r6Z/RPZz4q8GAmqSDlHjTlHpFMDYmBlNQYZ4Rqp7xjn1ihsFVw+7WYH5ivPk11UbE/Inz1ZuBc01/vqT1F9U/g==",
      "hasInstallScript": true,
      "dependencies": {
        "@data-structure/deque": "^9.0.1",
        "@iterable-iterator/consume": "^1.0.1",
        "@iterable-iterator/iter": "^1.0.1"
      }
    },
    "node_modules/@total-order/key": {
      "version": "1.0.0",
      "resolved": "https://registry.npmjs.org/@total-order/key/-/key-1.0.0.tgz",
      "integrity": "sha512-IPrGrxeqP6Oe7b1hrjUzDIWqMiLZV1qmlugbburk4neQKNPyjvQD1WKl0cCNepA20bwS/HrCyCCbRHPAsFm2rA==",
      "hasInstallScript": true
    },
    "node_modules/@total-order/primitive": {
      "version": "1.0.1",
      "resolved": "https://registry.npmjs.org/@total-order/primitive/-/primitive-1.0.1.tgz",
      "integrity": "sha512-BXCXyXoQIpdwFkplPRTuxFB0I1GHHia4t22bLAEqjdk48DFwQMwSbHq1EdLA81X/eFC/b6RdVxG4Q+WEcfs0aA==",
      "hasInstallScript": true
    },
    "node_modules/@types/node": {
      "version": "20.17.12",
      "resolved": "https://registry.npmjs.org/@types/node/-/node-20.17.12.tgz",
      "integrity": "sha512-vo/wmBgMIiEA23A/knMfn/cf37VnuF52nZh5ZoW0GWt4e4sxNquibrMRJ7UQsA06+MBx9r/H1jsI9grYjQCQlw==",
      "dev": true,
      "license": "MIT",
      "dependencies": {
        "undici-types": "~6.19.2"
      }
    },
    "node_modules/lodash": {
      "version": "4.17.21",
      "resolved": "https://registry.npmjs.org/lodash/-/lodash-4.17.21.tgz",
      "integrity": "sha512-v2kDEe57lecTulaDIuNTPy3Ry4gLGJ6Z1O3vE1krgXZNrsQ+LFTGHVxVjcXPs17LhbZVGedAJv8XZ1tvj5FvSg=="
    },
    "node_modules/undici-types": {
      "version": "6.19.8",
      "resolved": "https://registry.npmjs.org/undici-types/-/undici-types-6.19.8.tgz",
      "integrity": "sha512-ve2KP6f/JnbPBFyobGHuerC9g1FYGn/F8n1LWTwNxCEzd6IfqTwUQcNXgEtmmQ6DlRrC1hrSrBnCZPokRrDHjw==",
      "dev": true,
      "license": "MIT"
    }
  }
}
